
Microsoft Visual Studio Solution File, Format Version 12.00
# Visual Studio Version 16
VisualStudioVersion = 16.0.30503.244
MinimumVisualStudioVersion = 10.0.40219.1
Project("{FAE04EC0-301F-11D3-BF4B-00C04F79EFBC}") = "RobotsvsDinosaurs", "RobotsvsDinosaurs\RobotsvsDinosaurs.csproj", "{DD1F53A7-BDB6-4E84-8436-5EE95BB4345B}"
EndProject
Global
	GlobalSection(SolutionConfigurationPlatforms) = preSolution
		Debug|Any CPU = Debug|Any CPU
		Release|Any CPU = Release|Any CPU
	EndGlobalSection
	GlobalSection(ProjectConfigurationPlatforms) = postSolution
		{DD1F53A7-BDB6-4E84-8436-5EE95BB4345B}.Debug|Any CPU.ActiveCfg = Debug|Any CPU
		{DD1F53A7-BDB6-4E84-8436-5EE95BB4345B}.Debug|Any CPU.Build.0 = Debug|Any CPU
		{DD1F53A7-BDB6-4E84-8436-5EE95BB4345B}.Release|Any CPU.ActiveCfg = Release|Any CPU
		{DD1F53A7-BDB6-4E84-8436-5EE95BB4345B}.Release|Any CPU.Build.0 = Release|Any CPU
	EndGlobalSection
	GlobalSection(SolutionProperties) = preSolution
		HideSolutionNode = FALSE
	EndGlobalSection
	GlobalSection(ExtensibilityGlobals) = postSolution
		SolutionGuid = {A5F05140-A610-49CB-BAA4-D810DAD69A7C}
	EndGlobalSection
EndGlobal
